
Microsoft Visual Studio Solution File, Format Version 12.00
# Visual Studio Version 17
VisualStudioVersion = 17.10.35027.167
MinimumVisualStudioVersion = 10.0.40219.1
Project("{FAE04EC0-301F-11D3-BF4B-00C04F79EFBC}") = "CsharpCourseNelio_01", "CsharpCourseNelio\CsharpCourseNelio_01.csproj", "{812BF5EB-7028-438B-AE64-ABFFA2FB13F8}"
EndProject
Global
	GlobalSection(SolutionConfigurationPlatforms) = preSolution
		Debug|Any CPU = Debug|Any CPU
		Release|Any CPU = Release|Any CPU
	EndGlobalSection
	GlobalSection(ProjectConfigurationPlatforms) = postSolution
		{812BF5EB-7028-438B-AE64-ABFFA2FB13F8}.Debug|Any CPU.ActiveCfg = Debug|Any CPU
		{812BF5EB-7028-438B-AE64-ABFFA2FB13F8}.Debug|Any CPU.Build.0 = Debug|Any CPU
		{812BF5EB-7028-438B-AE64-ABFFA2FB13F8}.Release|Any CPU.ActiveCfg = Release|Any CPU
		{812BF5EB-7028-438B-AE64-ABFFA2FB13F8}.Release|Any CPU.Build.0 = Release|Any CPU
	EndGlobalSection
	GlobalSection(SolutionProperties) = preSolution
		HideSolutionNode = FALSE
	EndGlobalSection
	GlobalSection(ExtensibilityGlobals) = postSolution
		SolutionGuid = {F39F2F27-6997-4055-B83B-58CD4FF0B07E}
	EndGlobalSection
EndGlobal
